
Microsoft Visual Studio Solution File, Format Version 12.00
# Visual Studio Version 17
VisualStudioVersion = 17.5.33424.131
MinimumVisualStudioVersion = 10.0.40219.1
Project("{FAE04EC0-301F-11D3-BF4B-00C04F79EFBC}") = "MediaGeralPOO", "MediaGeralPOO\MediaGeralPOO.csproj", "{35771186-A4C8-4F2D-ABA5-9BCBD83A7652}"
EndProject
Global
	GlobalSection(SolutionConfigurationPlatforms) = preSolution
		Debug|Any CPU = Debug|Any CPU
		Release|Any CPU = Release|Any CPU
	EndGlobalSection
	GlobalSection(ProjectConfigurationPlatforms) = postSolution
		{35771186-A4C8-4F2D-ABA5-9BCBD83A7652}.Debug|Any CPU.ActiveCfg = Debug|Any CPU
		{35771186-A4C8-4F2D-ABA5-9BCBD83A7652}.Debug|Any CPU.Build.0 = Debug|Any CPU
		{35771186-A4C8-4F2D-ABA5-9BCBD83A7652}.Release|Any CPU.ActiveCfg = Release|Any CPU
		{35771186-A4C8-4F2D-ABA5-9BCBD83A7652}.Release|Any CPU.Build.0 = Release|Any CPU
	EndGlobalSection
	GlobalSection(SolutionProperties) = preSolution
		HideSolutionNode = FALSE
	EndGlobalSection
	GlobalSection(ExtensibilityGlobals) = postSolution
		SolutionGuid = {152A6FD2-331E-44B9-891E-FD4BC3068601}
	EndGlobalSection
EndGlobal
